github.com/RomanIschenko/pubsub v0.0.0-20200923190612-708841c8d431 h1:YIX3oJlnQha3wynjzhMPafpf8jwytmQcKQaCeixLXaw=
github.com/RomanIschenko/pubsub v0.0.0-20200923190612-708841c8d431/go.mod h1:seV4vEKpg3ijzZ/GS0GzPB3IWPV//9rP0s4YVgIy/pM=
github.com/RomanIschenko/pubsub v0.0.0-20200923192212-481a18b19cf7 h1:axcQnrzn04P0W7gUX3E2weUPXX3rZeaPbLTayL/kzOw=
github.com/RomanIschenko/pubsub v0.0.0-20200923192212-481a18b19cf7/go.mod h1:/inP1lsWvyMxQss9k+lDn4aBGNC+PlG6yr6fZcJq7/A=
github.com/RomanIschenko/pubsub v0.0.0-20200923193722-dd8e5cae9596 h1:+NvC00tEGj1o36tsKmRa39m6IOW5KuOBoeRHwFULCuU=
github.com/RomanIschenko/pubsub v0.0.0-20200923193722-dd8e5cae9596/go.mod h1:/inP1lsWvyMxQss9k+lDn4aBGNC+PlG6yr6fZcJq7/A=
github.com/google/uuid v1.1.1 h1:Gkbcsh/GbpXz7lPftLA3P6TYMwjCLYm83jiFQZF/3gY=
github.com/google/uuid v1.1.1/go.mod h1:TIyPZe4MgqvfeYDBFedMoGGpEw/LqOeaOT+nhxU+yHo=
github.com/google/uuid v1.1.2 h1:EVhdT+1Kseyi1/pUmXKaFxYsDNy9RQYkMWRH68J/W7Y=
github.com/google/uuid v1.1.2/go.mod h1:TIyPZe4MgqvfeYDBFedMoGGpEw/LqOeaOT+nhxU+yHo=
github.com/gorilla/websocket v1.4.2/go.mod h1:YR8l580nyteQvAITg2hZ9XVh4b55+EU/adAjf1fMHhE=
github.com/igm/sockjs-go v3.0.0+incompatible/go.mod h1:Yu6pvqjNniWNJe07LPObeCG6R77Qc97C6Kss0roF8tU=
